// !$*UTF8*$!
{
	archiveVersion = 1;
	classes = {
	};
	objectVersion = 55;
	objects = {

/* Begin PBXBuildFile section */
		07EC67E828268AD10000B9EA /* AppDelegate.swift in Sources */ = {isa = PBXBuildFile; fileRef = 07EC67E728268AD10000B9EA /* AppDelegate.swift */; };
		07EC67EA28268AD10000B9EA /* SceneDelegate.swift in Sources */ = {isa = PBXBuildFile; fileRef = 07EC67E928268AD10000B9EA /* SceneDelegate.swift */; };
		07EC67EC28268AD10000B9EA /* ArticlesViewController.swift in Sources */ = {isa = PBXBuildFile; fileRef = 07EC67EB28268AD10000B9EA /* ArticlesViewController.swift */; };
		07EC67EF28268AD10000B9EA /* Main.storyboard in Resources */ = {isa = PBXBuildFile; fileRef = 07EC67ED28268AD10000B9EA /* Main.storyboard */; };
		07EC67F128268AD30000B9EA /* Assets.xcassets in Resources */ = {isa = PBXBuildFile; fileRef = 07EC67F028268AD30000B9EA /* Assets.xcassets */; };
		07EC67F428268AD30000B9EA /* LaunchScreen.storyboard in Resources */ = {isa = PBXBuildFile; fileRef = 07EC67F228268AD30000B9EA /* LaunchScreen.storyboard */; };
		07EC67FE28268D230000B9EA /* R.generated.swift in Sources */ = {isa = PBXBuildFile; fileRef = 07EC67FD28268D230000B9EA /* R.generated.swift */; };
		07EC680628268E800000B9EA /* ArticlesRouter.swift in Sources */ = {isa = PBXBuildFile; fileRef = 07EC680528268E800000B9EA /* ArticlesRouter.swift */; };
		07EC680828268EFD0000B9EA /* ArticlesPresenter.swift in Sources */ = {isa = PBXBuildFile; fileRef = 07EC680728268EFD0000B9EA /* ArticlesPresenter.swift */; };
		07EC680A28268F500000B9EA /* ArticlesInteractor.swift in Sources */ = {isa = PBXBuildFile; fileRef = 07EC680928268F500000B9EA /* ArticlesInteractor.swift */; };
		07EC680D282690FD0000B9EA /* CategoryViewCell.swift in Sources */ = {isa = PBXBuildFile; fileRef = 07EC680C282690FD0000B9EA /* CategoryViewCell.swift */; };
		07EC680F2826933B0000B9EA /* ArticleViewCell.swift in Sources */ = {isa = PBXBuildFile; fileRef = 07EC680E2826933B0000B9EA /* ArticleViewCell.swift */; };
		07EC681428269A970000B9EA /* ArticleManager.swift in Sources */ = {isa = PBXBuildFile; fileRef = 07EC681328269A970000B9EA /* ArticleManager.swift */; };
		07EC681728269AB50000B9EA /* ArticleEntity.swift in Sources */ = {isa = PBXBuildFile; fileRef = 07EC681628269AB50000B9EA /* ArticleEntity.swift */; };
		07EC681A2826A64E0000B9EA /* LoadingView.swift in Sources */ = {isa = PBXBuildFile; fileRef = 07EC68192826A64E0000B9EA /* LoadingView.swift */; };
		07EC681E2826B6BB0000B9EA /* ArticleStaticEntity.json in Resources */ = {isa = PBXBuildFile; fileRef = 07EC681D2826B6BB0000B9EA /* ArticleStaticEntity.json */; };
		EBEBFF5768C5A371F77454FD /* Pods_ArticlesProj.framework in Frameworks */ = {isa = PBXBuildFile; fileRef = DA14554948DF634135DCB8BF /* Pods_ArticlesProj.framework */; };
/* End PBXBuildFile section */

/* Begin PBXFileReference section */
		06A8E6113189840FF94F18CB /* Pods-ArticlesProj.debug.xcconfig */ = {isa = PBXFileReference; includeInIndex = 1; lastKnownFileType = text.xcconfig; name = "Pods-ArticlesProj.debug.xcconfig"; path = "Target Support Files/Pods-ArticlesProj/Pods-ArticlesProj.debug.xcconfig"; sourceTree = "<group>"; };
		07EC67E428268AD10000B9EA /* ArticlesProj.app */ = {isa = PBXFileReference; explicitFileType = wrapper.application; includeInIndex = 0; path = ArticlesProj.app; sourceTree = BUILT_PRODUCTS_DIR; };
		07EC67E728268AD10000B9EA /* AppDelegate.swift */ = {isa = PBXFileReference; lastKnownFileType = sourcecode.swift; path = AppDelegate.swift; sourceTree = "<group>"; };
		07EC67E928268AD10000B9EA /* SceneDelegate.swift */ = {isa = PBXFileReference; lastKnownFileType = sourcecode.swift; path = SceneDelegate.swift; sourceTree = "<group>"; };
		07EC67EB28268AD10000B9EA /* ArticlesViewController.swift */ = {isa = PBXFileReference; lastKnownFileType = sourcecode.swift; path = ArticlesViewController.swift; sourceTree = "<group>"; };
		07EC67EE28268AD10000B9EA /* Base */ = {isa = PBXFileReference; lastKnownFileType = file.storyboard; name = Base; path = Base.lproj/Main.storyboard; sourceTree = "<group>"; };
		07EC67F028268AD30000B9EA /* Assets.xcassets */ = {isa = PBXFileReference; lastKnownFileType = folder.assetcatalog; path = Assets.xcassets; sourceTree = "<group>"; };
		07EC67F328268AD30000B9EA /* Base */ = {isa = PBXFileReference; lastKnownFileType = file.storyboard; name = Base; path = Base.lproj/LaunchScreen.storyboard; sourceTree = "<group>"; };
		07EC67F528268AD30000B9EA /* Info.plist */ = {isa = PBXFileReference; lastKnownFileType = text.plist.xml; path = Info.plist; sourceTree = "<group>"; };
		07EC67FD28268D230000B9EA /* R.generated.swift */ = {isa = PBXFileReference; fileEncoding = 4; lastKnownFileType = sourcecode.swift; path = R.generated.swift; sourceTree = SOURCE_ROOT; };
		07EC680528268E800000B9EA /* ArticlesRouter.swift */ = {isa = PBXFileReference; lastKnownFileType = sourcecode.swift; path = ArticlesRouter.swift; sourceTree = "<group>"; };
		07EC680728268EFD0000B9EA /* ArticlesPresenter.swift */ = {isa = PBXFileReference; lastKnownFileType = sourcecode.swift; path = ArticlesPresenter.swift; sourceTree = "<group>"; };
		07EC680928268F500000B9EA /* ArticlesInteractor.swift */ = {isa = PBXFileReference; lastKnownFileType = sourcecode.swift; path = ArticlesInteractor.swift; sourceTree = "<group>"; };
		07EC680C282690FD0000B9EA /* CategoryViewCell.swift */ = {isa = PBXFileReference; lastKnownFileType = sourcecode.swift; path = CategoryViewCell.swift; sourceTree = "<group>"; };
		07EC680E2826933B0000B9EA /* ArticleViewCell.swift */ = {isa = PBXFileReference; lastKnownFileType = sourcecode.swift; path = ArticleViewCell.swift; sourceTree = "<group>"; };
		07EC681328269A970000B9EA /* ArticleManager.swift */ = {isa = PBXFileReference; lastKnownFileType = sourcecode.swift; path = ArticleManager.swift; sourceTree = "<group>"; };
		07EC681628269AB50000B9EA /* ArticleEntity.swift */ = {isa = PBXFileReference; lastKnownFileType = sourcecode.swift; path = ArticleEntity.swift; sourceTree = "<group>"; };
		07EC68192826A64E0000B9EA /* LoadingView.swift */ = {isa = PBXFileReference; fileEncoding = 4; lastKnownFileType = sourcecode.swift; path = LoadingView.swift; sourceTree = "<group>"; };
		07EC681D2826B6BB0000B9EA /* ArticleStaticEntity.json */ = {isa = PBXFileReference; lastKnownFileType = text.json; path = ArticleStaticEntity.json; sourceTree = "<group>"; };
		922B0CE9D89C899B385C31C3 /* Pods-ArticlesProj.release.xcconfig */ = {isa = PBXFileReference; includeInIndex = 1; lastKnownFileType = text.xcconfig; name = "Pods-ArticlesProj.release.xcconfig"; path = "Target Support Files/Pods-ArticlesProj/Pods-ArticlesProj.release.xcconfig"; sourceTree = "<group>"; };
		DA14554948DF634135DCB8BF /* Pods_ArticlesProj.framework */ = {isa = PBXFileReference; explicitFileType = wrapper.framework; includeInIndex = 0; path = Pods_ArticlesProj.framework; sourceTree = BUILT_PRODUCTS_DIR; };
/* End PBXFileReference section */

/* Begin PBXFrameworksBuildPhase section */
		07EC67E128268AD10000B9EA /* Frameworks */ = {
			isa = PBXFrameworksBuildPhase;
			buildActionMask = 2147483647;
			files = (
				EBEBFF5768C5A371F77454FD /* Pods_ArticlesProj.framework in Frameworks */,
			);
			runOnlyForDeploymentPostprocessing = 0;
		};
/* End PBXFrameworksBuildPhase section */

/* Begin PBXGroup section */
		07EC67DB28268AD10000B9EA = {
			isa = PBXGroup;
			children = (
				07EC67E628268AD10000B9EA /* ArticlesProj */,
				07EC67E528268AD10000B9EA /* Products */,
				C11D9235F979091D683CA488 /* Pods */,
				FE0D5048523161D96E1AD12E /* Frameworks */,
			);
			sourceTree = "<group>";
		};
		07EC67E528268AD10000B9EA /* Products */ = {
			isa = PBXGroup;
			children = (
				07EC67E428268AD10000B9EA /* ArticlesProj.app */,
			);
			name = Products;
			sourceTree = "<group>";
		};
		07EC67E628268AD10000B9EA /* ArticlesProj */ = {
			isa = PBXGroup;
			children = (
				07EC68182826A6220000B9EA /* Extensions */,
				07EC681528269A9C0000B9EA /* Entity */,
				07EC6810282698910000B9EA /* Managers */,
				07EC67FF28268E080000B9EA /* Modules */,
				07EC67E728268AD10000B9EA /* AppDelegate.swift */,
				07EC67E928268AD10000B9EA /* SceneDelegate.swift */,
				07EC67FD28268D230000B9EA /* R.generated.swift */,
				07EC67ED28268AD10000B9EA /* Main.storyboard */,
				07EC67F028268AD30000B9EA /* Assets.xcassets */,
				07EC67F228268AD30000B9EA /* LaunchScreen.storyboard */,
				07EC67F528268AD30000B9EA /* Info.plist */,
			);
			path = ArticlesProj;
			sourceTree = "<group>";
		};
		07EC67FF28268E080000B9EA /* Modules */ = {
			isa = PBXGroup;
			children = (
				07EC680028268E100000B9EA /* ArticleModule */,
			);
			path = Modules;
			sourceTree = "<group>";
		};
		07EC680028268E100000B9EA /* ArticleModule */ = {
			isa = PBXGroup;
			children = (
				07EC680428268E440000B9EA /* Router */,
				07EC680328268E360000B9EA /* Presenter */,
				07EC680228268E2E0000B9EA /* Interactor */,
				07EC680128268E290000B9EA /* View */,
			);
			path = ArticleModule;
			sourceTree = "<group>";
		};
		07EC680128268E290000B9EA /* View */ = {
			isa = PBXGroup;
			children = (
				07EC680B282690C20000B9EA /* Cells */,
				07EC67EB28268AD10000B9EA /* ArticlesViewController.swift */,
			);
			path = View;
			sourceTree = "<group>";
		};
		07EC680228268E2E0000B9EA /* Interactor */ = {
			isa = PBXGroup;
			children = (
				07EC680928268F500000B9EA /* ArticlesInteractor.swift */,
			);
			path = Interactor;
			sourceTree = "<group>";
		};
		07EC680328268E360000B9EA /* Presenter */ = {
			isa = PBXGroup;
			children = (
				07EC680728268EFD0000B9EA /* ArticlesPresenter.swift */,
			);
			path = Presenter;
			sourceTree = "<group>";
		};
		07EC680428268E440000B9EA /* Router */ = {
			isa = PBXGroup;
			children = (
				07EC680528268E800000B9EA /* ArticlesRouter.swift */,
			);
			path = Router;
			sourceTree = "<group>";
		};
		07EC680B282690C20000B9EA /* Cells */ = {
			isa = PBXGroup;
			children = (
				07EC680C282690FD0000B9EA /* CategoryViewCell.swift */,
				07EC680E2826933B0000B9EA /* ArticleViewCell.swift */,
			);
			path = Cells;
			sourceTree = "<group>";
		};
		07EC6810282698910000B9EA /* Managers */ = {
			isa = PBXGroup;
			children = (
				07EC681328269A970000B9EA /* ArticleManager.swift */,
			);
			path = Managers;
			sourceTree = "<group>";
		};
		07EC681528269A9C0000B9EA /* Entity */ = {
			isa = PBXGroup;
			children = (
				07EC681628269AB50000B9EA /* ArticleEntity.swift */,
				07EC681D2826B6BB0000B9EA /* ArticleStaticEntity.json */,
			);
			path = Entity;
			sourceTree = "<group>";
		};
		07EC68182826A6220000B9EA /* Extensions */ = {
			isa = PBXGroup;
			children = (
				07EC68192826A64E0000B9EA /* LoadingView.swift */,
			);
			path = Extensions;
			sourceTree = "<group>";
		};
		C11D9235F979091D683CA488 /* Pods */ = {
			isa = PBXGroup;
			children = (
				06A8E6113189840FF94F18CB /* Pods-ArticlesProj.debug.xcconfig */,
				922B0CE9D89C899B385C31C3 /* Pods-ArticlesProj.release.xcconfig */,
			);
			path = Pods;
			sourceTree = "<group>";
		};
		FE0D5048523161D96E1AD12E /* Frameworks */ = {
			isa = PBXGroup;
			children = (
				DA14554948DF634135DCB8BF /* Pods_ArticlesProj.framework */,
			);
			name = Frameworks;
			sourceTree = "<group>";
		};
/* End PBXGroup section */

/* Begin PBXNativeTarget section */
		07EC67E328268AD10000B9EA /* ArticlesProj */ = {
			isa = PBXNativeTarget;
			buildConfigurationList = 07EC67F828268AD30000B9EA /* Build configuration list for PBXNativeTarget "ArticlesProj" */;
			buildPhases = (
				CCEA62D94396F015D90DEF60 /* [CP] Check Pods Manifest.lock */,
				07EC67FC28268CA40000B9EA /* R.swift */,
				07EC67E028268AD10000B9EA /* Sources */,
				07EC67E128268AD10000B9EA /* Frameworks */,
				07EC67E228268AD10000B9EA /* Resources */,
				880F83DD20E2745DE12EFF63 /* [CP] Embed Pods Frameworks */,
				07EC67FB28268BC00000B9EA /* SwiftLint */,
			);
			buildRules = (
			);
			dependencies = (
			);
			name = ArticlesProj;
			productName = ArticlesProj;
			productReference = 07EC67E428268AD10000B9EA /* ArticlesProj.app */;
			productType = "com.apple.product-type.application";
		};
/* End PBXNativeTarget section */

/* Begin PBXProject section */
		07EC67DC28268AD10000B9EA /* Project object */ = {
			isa = PBXProject;
			attributes = {
				BuildIndependentTargetsInParallel = 1;
				LastSwiftUpdateCheck = 1330;
				LastUpgradeCheck = 1330;
				TargetAttributes = {
					07EC67E328268AD10000B9EA = {
						CreatedOnToolsVersion = 13.3.1;
					};
				};
			};
			buildConfigurationList = 07EC67DF28268AD10000B9EA /* Build configuration list for PBXProject "ArticlesProj" */;
			compatibilityVersion = "Xcode 13.0";
			developmentRegion = en;
			hasScannedForEncodings = 0;
			knownRegions = (
				en,
				Base,
			);
			mainGroup = 07EC67DB28268AD10000B9EA;
			productRefGroup = 07EC67E528268AD10000B9EA /* Products */;
			projectDirPath = "";
			projectRoot = "";
			targets = (
				07EC67E328268AD10000B9EA /* ArticlesProj */,
			);
		};
/* End PBXProject section */

/* Begin PBXResourcesBuildPhase section */
		07EC67E228268AD10000B9EA /* Resources */ = {
			isa = PBXResourcesBuildPhase;
			buildActionMask = 2147483647;
			files = (
				07EC67F428268AD30000B9EA /* LaunchScreen.storyboard in Resources */,
				07EC681E2826B6BB0000B9EA /* ArticleStaticEntity.json in Resources */,
				07EC67F128268AD30000B9EA /* Assets.xcassets in Resources */,
				07EC67EF28268AD10000B9EA /* Main.storyboard in Resources */,
			);
			runOnlyForDeploymentPostprocessing = 0;
		};
/* End PBXResourcesBuildPhase section */

/* Begin PBXShellScriptBuildPhase section */
		07EC67FB28268BC00000B9EA /* SwiftLint */ = {
			isa = PBXShellScriptBuildPhase;
			buildActionMask = 2147483647;
			files = (
			);
			inputFileListPaths = (
			);
			inputPaths = (
			);
			name = SwiftLint;
			outputFileListPaths = (
			);
			outputPaths = (
			);
			runOnlyForDeploymentPostprocessing = 0;
			shellPath = /bin/sh;
			shellScript = "\"${PODS_ROOT}/SwiftLint/swiftlint\"\n";
		};
		07EC67FC28268CA40000B9EA /* R.swift */ = {
			isa = PBXShellScriptBuildPhase;
			alwaysOutOfDate = 1;
			buildActionMask = 2147483647;
			files = (
			);
			inputFileListPaths = (
			);
			inputPaths = (
			);
			name = R.swift;
			outputFileListPaths = (
			);
			outputPaths = (
				$SRCROOT/R.generated.swift,
			);
			runOnlyForDeploymentPostprocessing = 0;
			shellPath = /bin/sh;
			shellScript = "\"$PODS_ROOT/R.swift/rswift\" generate \"$SRCROOT/R.generated.swift\"\n";
		};
		880F83DD20E2745DE12EFF63 /* [CP] Embed Pods Frameworks */ = {
			isa = PBXShellScriptBuildPhase;
			buildActionMask = 2147483647;
			files = (
			);
			inputFileListPaths = (
				"${PODS_ROOT}/Target Support Files/Pods-ArticlesProj/Pods-ArticlesProj-frameworks-${CONFIGURATION}-input-files.xcfilelist",
			);
			name = "[CP] Embed Pods Frameworks";
			outputFileListPaths = (
				"${PODS_ROOT}/Target Support Files/Pods-ArticlesProj/Pods-ArticlesProj-frameworks-${CONFIGURATION}-output-files.xcfilelist",
			);
			runOnlyForDeploymentPostprocessing = 0;
			shellPath = /bin/sh;
			shellScript = "\"${PODS_ROOT}/Target Support Files/Pods-ArticlesProj/Pods-ArticlesProj-frameworks.sh\"\n";
			showEnvVarsInLog = 0;
		};
		CCEA62D94396F015D90DEF60 /* [CP] Check Pods Manifest.lock */ = {
			isa = PBXShellScriptBuildPhase;
			buildActionMask = 2147483647;
			files = (
			);
			inputFileListPaths = (
			);
			inputPaths = (
				"${PODS_PODFILE_DIR_PATH}/Podfile.lock",
				"${PODS_ROOT}/Manifest.lock",
			);
			name = "[CP] Check Pods Manifest.lock";
			outputFileListPaths = (
			);
			outputPaths = (
				"$(DERIVED_FILE_DIR)/Pods-ArticlesProj-checkManifestLockResult.txt",
			);
			runOnlyForDeploymentPostprocessing = 0;
			shellPath = /bin/sh;
			shellScript = "diff \"${PODS_PODFILE_DIR_PATH}/Podfile.lock\" \"${PODS_ROOT}/Manifest.lock\" > /dev/null\nif [ $? != 0 ] ; then\n    # print error to STDERR\n    echo \"error: The sandbox is not in sync with the Podfile.lock. Run 'pod install' or update your CocoaPods installation.\" >&2\n    exit 1\nfi\n# This output is used by Xcode 'outputs' to avoid re-running this script phase.\necho \"SUCCESS\" > \"${SCRIPT_OUTPUT_FILE_0}\"\n";
			showEnvVarsInLog = 0;
		};
/* End PBXShellScriptBuildPhase section */

/* Begin PBXSourcesBuildPhase section */
		07EC67E028268AD10000B9EA /* Sources */ = {
			isa = PBXSourcesBuildPhase;
			buildActionMask = 2147483647;
			files = (
				07EC680A28268F500000B9EA /* ArticlesInteractor.swift in Sources */,
				07EC680F2826933B0000B9EA /* ArticleViewCell.swift in Sources */,
				07EC681428269A970000B9EA /* ArticleManager.swift in Sources */,
				07EC67EC28268AD10000B9EA /* ArticlesViewController.swift in Sources */,
				07EC681728269AB50000B9EA /* ArticleEntity.swift in Sources */,
				07EC681A2826A64E0000B9EA /* LoadingView.swift in Sources */,
				07EC680D282690FD0000B9EA /* CategoryViewCell.swift in Sources */,
				07EC680828268EFD0000B9EA /* ArticlesPresenter.swift in Sources */,
				07EC67E828268AD10000B9EA /* AppDelegate.swift in Sources */,
				07EC680628268E800000B9EA /* ArticlesRouter.swift in Sources */,
				07EC67EA28268AD10000B9EA /* SceneDelegate.swift in Sources */,
				07EC67FE28268D230000B9EA /* R.generated.swift in Sources */,
			);
			runOnlyForDeploymentPostprocessing = 0;
		};
/* End PBXSourcesBuildPhase section */

/* Begin PBXVariantGroup section */
		07EC67ED28268AD10000B9EA /* Main.storyboard */ = {
			isa = PBXVariantGroup;
			children = (
				07EC67EE28268AD10000B9EA /* Base */,
			);
			name = Main.storyboard;
			sourceTree = "<group>";
		};
		07EC67F228268AD30000B9EA /* LaunchScreen.storyboard */ = {
			isa = PBXVariantGroup;
			children = (
				07EC67F328268AD30000B9EA /* Base */,
			);
			name = LaunchScreen.storyboard;
			sourceTree = "<group>";
		};
/* End PBXVariantGroup section */

/* Begin XCBuildConfiguration section */
		07EC67F628268AD30000B9EA /* Debug */ = {
			isa = XCBuildConfiguration;
			buildSettings = {
				ALWAYS_SEARCH_USER_PATHS = NO;
				CLANG_ANALYZER_NONNULL = YES;
				CLANG_ANALYZER_NUMBER_OBJECT_CONVERSION = YES_AGGRESSIVE;
				CLANG_CXX_LANGUAGE_STANDARD = "gnu++17";
				CLANG_ENABLE_MODULES = YES;
				CLANG_ENABLE_OBJC_ARC = YES;
				CLANG_ENABLE_OBJC_WEAK = YES;
				CLANG_WARN_BLOCK_CAPTURE_AUTORELEASING = YES;
				CLANG_WARN_BOOL_CONVERSION = YES;
				CLANG_WARN_COMMA = YES;
				CLANG_WARN_CONSTANT_CONVERSION = YES;
				CLANG_WARN_DEPRECATED_OBJC_IMPLEMENTATIONS = YES;
				CLANG_WARN_DIRECT_OBJC_ISA_USAGE = YES_ERROR;
				CLANG_WARN_DOCUMENTATION_COMMENTS = YES;
				CLANG_WARN_EMPTY_BODY = YES;
				CLANG_WARN_ENUM_CONVERSION = YES;
				CLANG_WARN_INFINITE_RECURSION = YES;
				CLANG_WARN_INT_CONVERSION = YES;
				CLANG_WARN_NON_LITERAL_NULL_CONVERSION = YES;
				CLANG_WARN_OBJC_IMPLICIT_RETAIN_SELF = YES;
				CLANG_WARN_OBJC_LITERAL_CONVERSION = YES;
				CLANG_WARN_OBJC_ROOT_CLASS = YES_ERROR;
				CLANG_WARN_QUOTED_INCLUDE_IN_FRAMEWORK_HEADER = YES;
				CLANG_WARN_RANGE_LOOP_ANALYSIS = YES;
				CLANG_WARN_STRICT_PROTOTYPES = YES;
				CLANG_WARN_SUSPICIOUS_MOVE = YES;
				CLANG_WARN_UNGUARDED_AVAILABILITY = YES_AGGRESSIVE;
				CLANG_WARN_UNREACHABLE_CODE = YES;
				CLANG_WARN__DUPLICATE_METHOD_MATCH = YES;
				COPY_PHASE_STRIP = NO;
				DEBUG_INFORMATION_FORMAT = dwarf;
				ENABLE_STRICT_OBJC_MSGSEND = YES;
				ENABLE_TESTABILITY = YES;
				GCC_C_LANGUAGE_STANDARD = gnu11;
				GCC_DYNAMIC_NO_PIC = NO;
				GCC_NO_COMMON_BLOCKS = YES;
				GCC_OPTIMIZATION_LEVEL = 0;
				GCC_PREPROCESSOR_DEFINITIONS = (
					"DEBUG=1",
					"$(inherited)",
				);
				GCC_WARN_64_TO_32_BIT_CONVERSION = YES;
				GCC_WARN_ABOUT_RETURN_TYPE = YES_ERROR;
				GCC_WARN_UNDECLARED_SELECTOR = YES;
				GCC_WARN_UNINITIALIZED_AUTOS = YES_AGGRESSIVE;
				GCC_WARN_UNUSED_FUNCTION = YES;
				GCC_WARN_UNUSED_VARIABLE = YES;
				IPHONEOS_DEPLOYMENT_TARGET = 15.4;
				MTL_ENABLE_DEBUG_INFO = INCLUDE_SOURCE;
				MTL_FAST_MATH = YES;
				ONLY_ACTIVE_ARCH = YES;
				SDKROOT = iphoneos;
				SWIFT_ACTIVE_COMPILATION_CONDITIONS = DEBUG;
				SWIFT_OPTIMIZATION_LEVEL = "-Onone";
			};
			name = Debug;
		};
		07EC67F728268AD30000B9EA /* Release */ = {
			isa = XCBuildConfiguration;
			buildSettings = {
				ALWAYS_SEARCH_USER_PATHS = NO;
				CLANG_ANALYZER_NONNULL = YES;
				CLANG_ANALYZER_NUMBER_OBJECT_CONVERSION = YES_AGGRESSIVE;
				CLANG_CXX_LANGUAGE_STANDARD = "gnu++17";
				CLANG_ENABLE_MODULES = YES;
				CLANG_ENABLE_OBJC_ARC = YES;
				CLANG_ENABLE_OBJC_WEAK = YES;
				CLANG_WARN_BLOCK_CAPTURE_AUTORELEASING = YES;
				CLANG_WARN_BOOL_CONVERSION = YES;
				CLANG_WARN_COMMA = YES;
				CLANG_WARN_CONSTANT_CONVERSION = YES;
				CLANG_WARN_DEPRECATED_OBJC_IMPLEMENTATIONS = YES;
				CLANG_WARN_DIRECT_OBJC_ISA_USAGE = YES_ERROR;
				CLANG_WARN_DOCUMENTATION_COMMENTS = YES;
				CLANG_WARN_EMPTY_BODY = YES;
				CLANG_WARN_ENUM_CONVERSION = YES;
				CLANG_WARN_INFINITE_RECURSION = YES;
				CLANG_WARN_INT_CONVERSION = YES;
				CLANG_WARN_NON_LITERAL_NULL_CONVERSION = YES;
				CLANG_WARN_OBJC_IMPLICIT_RETAIN_SELF = YES;
				CLANG_WARN_OBJC_LITERAL_CONVERSION = YES;
				CLANG_WARN_OBJC_ROOT_CLASS = YES_ERROR;
				CLANG_WARN_QUOTED_INCLUDE_IN_FRAMEWORK_HEADER = YES;
				CLANG_WARN_RANGE_LOOP_ANALYSIS = YES;
				CLANG_WARN_STRICT_PROTOTYPES = YES;
				CLANG_WARN_SUSPICIOUS_MOVE = YES;
				CLANG_WARN_UNGUARDED_AVAILABILITY = YES_AGGRESSIVE;
				CLANG_WARN_UNREACHABLE_CODE = YES;
				CLANG_WARN__DUPLICATE_METHOD_MATCH = YES;
				COPY_PHASE_STRIP = NO;
				DEBUG_INFORMATION_FORMAT = "dwarf-with-dsym";
				ENABLE_NS_ASSERTIONS = NO;
				ENABLE_STRICT_OBJC_MSGSEND = YES;
				GCC_C_LANGUAGE_STANDARD = gnu11;
				GCC_NO_COMMON_BLOCKS = YES;
				GCC_WARN_64_TO_32_BIT_CONVERSION = YES;
				GCC_WARN_ABOUT_RETURN_TYPE = YES_ERROR;
				GCC_WARN_UNDECLARED_SELECTOR = YES;
				GCC_WARN_UNINITIALIZED_AUTOS = YES_AGGRESSIVE;
				GCC_WARN_UNUSED_FUNCTION = YES;
				GCC_WARN_UNUSED_VARIABLE = YES;
				IPHONEOS_DEPLOYMENT_TARGET = 15.4;
				MTL_ENABLE_DEBUG_INFO = NO;
				MTL_FAST_MATH = YES;
				SDKROOT = iphoneos;
				SWIFT_COMPILATION_MODE = wholemodule;
				SWIFT_OPTIMIZATION_LEVEL = "-O";
				VALIDATE_PRODUCT = YES;
			};
			name = Release;
		};
		07EC67F928268AD30000B9EA /* Debug */ = {
			isa = XCBuildConfiguration;
			baseConfigurationReference = 06A8E6113189840FF94F18CB /* Pods-ArticlesProj.debug.xcconfig */;
			buildSettings = {
				ASSETCATALOG_COMPILER_APPICON_NAME = AppIcon;
				ASSETCATALOG_COMPILER_GLOBAL_ACCENT_COLOR_NAME = AccentColor;
				CODE_SIGN_STYLE = Automatic;
				CURRENT_PROJECT_VERSION = 1;
				DEVELOPMENT_TEAM = 5K5823VS68;
				GENERATE_INFOPLIST_FILE = YES;
				INFOPLIST_FILE = ArticlesProj/Info.plist;
				INFOPLIST_KEY_UIApplicationSupportsIndirectInputEvents = YES;
				INFOPLIST_KEY_UILaunchStoryboardName = LaunchScreen;
				INFOPLIST_KEY_UIMainStoryboardFile = Main;
				INFOPLIST_KEY_UISupportedInterfaceOrientations_iPad = "UIInterfaceOrientationPortrait UIInterfaceOrientationPortraitUpsideDown UIInterfaceOrientationLandscapeLeft UIInterfaceOrientationLandscapeRight";
				INFOPLIST_KEY_UISupportedInterfaceOrientations_iPhone = "UIInterfaceOrientationPortrait UIInterfaceOrientationLandscapeLeft UIInterfaceOrientationLandscapeRight";
				INFOPLIST_KEY_UIUserInterfaceStyle = Light;
				LD_RUNPATH_SEARCH_PATHS = (
					"$(inherited)",
					"@executable_path/Frameworks",
				);
				MARKETING_VERSION = 1.0;
				PRODUCT_BUNDLE_IDENTIFIER = ArticlesProj;
				PRODUCT_NAME = "$(TARGET_NAME)";
				SWIFT_EMIT_LOC_STRINGS = YES;
				SWIFT_VERSION = 5.0;
				TARGETED_DEVICE_FAMILY = "1,2";
			};
			name = Debug;
		};
		07EC67FA28268AD30000B9EA /* Release */ = {
			isa = XCBuildConfiguration;
			baseConfigurationReference = 922B0CE9D89C899B385C31C3 /* Pods-ArticlesProj.release.xcconfig */;
			buildSettings = {
				ASSETCATALOG_COMPILER_APPICON_NAME = AppIcon;
				ASSETCATALOG_COMPILER_GLOBAL_ACCENT_COLOR_NAME = AccentColor;
				CODE_SIGN_STYLE = Automatic;
				CURRENT_PROJECT_VERSION = 1;
				DEVELOPMENT_TEAM = 5K5823VS68;
				GENERATE_INFOPLIST_FILE = YES;
				INFOPLIST_FILE = ArticlesProj/Info.plist;
				INFOPLIST_KEY_UIApplicationSupportsIndirectInputEvents = YES;
				INFOPLIST_KEY_UILaunchStoryboardName = LaunchScreen;
				INFOPLIST_KEY_UIMainStoryboardFile = Main;
				INFOPLIST_KEY_UISupportedInterfaceOrientations_iPad = "UIInterfaceOrientationPortrait UIInterfaceOrientationPortraitUpsideDown UIInterfaceOrientationLandscapeLeft UIInterfaceOrientationLandscapeRight";
				INFOPLIST_KEY_UISupportedInterfaceOrientations_iPhone = "UIInterfaceOrientationPortrait UIInterfaceOrientationLandscapeLeft UIInterfaceOrientationLandscapeRight";
				INFOPLIST_KEY_UIUserInterfaceStyle = Light;
				LD_RUNPATH_SEARCH_PATHS = (
					"$(inherited)",
					"@executable_path/Frameworks",
				);
				MARKETING_VERSION = 1.0;
				PRODUCT_BUNDLE_IDENTIFIER = ArticlesProj;
				PRODUCT_NAME = "$(TARGET_NAME)";
				SWIFT_EMIT_LOC_STRINGS = YES;
				SWIFT_VERSION = 5.0;
				TARGETED_DEVICE_FAMILY = "1,2";
			};
			name = Release;
		};
/* End XCBuildConfiguration section */

/* Begin XCConfigurationList section */
		07EC67DF28268AD10000B9EA /* Build configuration list for PBXProject "ArticlesProj" */ = {
			isa = XCConfigurationList;
			buildConfigurations = (
				07EC67F628268AD30000B9EA /* Debug */,
				07EC67F728268AD30000B9EA /* Release */,
			);
			defaultConfigurationIsVisible = 0;
			defaultConfigurationName = Release;
		};
		07EC67F828268AD30000B9EA /* Build configuration list for PBXNativeTarget "ArticlesProj" */ = {
			isa = XCConfigurationList;
			buildConfigurations = (
				07EC67F928268AD30000B9EA /* Debug */,
				07EC67FA28268AD30000B9EA /* Release */,
			);
			defaultConfigurationIsVisible = 0;
			defaultConfigurationName = Release;
		};
/* End XCConfigurationList section */
	};
	rootObject = 07EC67DC28268AD10000B9EA /* Project object */;
}
